
Microsoft Visual Studio Solution File, Format Version 12.00
# Visual Studio 15
Project("{FAE04EC0-301F-11D3-BF4B-00C04F79EFBC}") = "ServerAPI", "ServerAPI\ServerAPI.csproj", "{DF4C2C2E-2C11-4591-BFF2-1B05BE635690}"
EndProject
Global
	GlobalSection(SolutionConfigurationPlatforms) = preSolution
		Debug|Any CPU = Debug|Any CPU
		Release|Any CPU = Release|Any CPU
	EndGlobalSection
	GlobalSection(ProjectConfigurationPlatforms) = postSolution
		{DF4C2C2E-2C11-4591-BFF2-1B05BE635690}.Debug|Any CPU.ActiveCfg = Debug|Any CPU
		{DF4C2C2E-2C11-4591-BFF2-1B05BE635690}.Debug|Any CPU.Build.0 = Debug|Any CPU
		{DF4C2C2E-2C11-4591-BFF2-1B05BE635690}.Release|Any CPU.ActiveCfg = Release|Any CPU
		{DF4C2C2E-2C11-4591-BFF2-1B05BE635690}.Release|Any CPU.Build.0 = Release|Any CPU
	EndGlobalSection
EndGlobal
